// !$*UTF8*$!
{
	archiveVersion = 1;
	classes = {
	};
	objectVersion = 46;
	objects = {

/* Begin PBXBuildFile section */
		093A1F31162FC64B0024393E /* UIKit.framework in Frameworks */ = {isa = PBXBuildFile; fileRef = 093A1F30162FC64B0024393E /* UIKit.framework */; };
		093A1F33162FC64B0024393E /* Foundation.framework in Frameworks */ = {isa = PBXBuildFile; fileRef = 093A1F32162FC64B0024393E /* Foundation.framework */; };
		093A1F35162FC64B0024393E /* CoreGraphics.framework in Frameworks */ = {isa = PBXBuildFile; fileRef = 093A1F34162FC64B0024393E /* CoreGraphics.framework */; };
		093A1F3B162FC64B0024393E /* InfoPlist.strings in Resources */ = {isa = PBXBuildFile; fileRef = 093A1F39162FC64B0024393E /* InfoPlist.strings */; };
		093A1F3D162FC64B0024393E /* main.m in Sources */ = {isa = PBXBuildFile; fileRef = 093A1F3C162FC64B0024393E /* main.m */; };
		093A1F41162FC64B0024393E /* HP_AppDelegate.m in Sources */ = {isa = PBXBuildFile; fileRef = 093A1F40162FC64B0024393E /* HP_AppDelegate.m */; };
		093A1F43162FC64B0024393E /* Default.png in Resources */ = {isa = PBXBuildFile; fileRef = 093A1F42162FC64B0024393E /* Default.png */; };
		093A1F45162FC64B0024393E /* Default@2x.png in Resources */ = {isa = PBXBuildFile; fileRef = 093A1F44162FC64B0024393E /* Default@2x.png */; };
		093A1F47162FC64B0024393E /* Default-568h@2x.png in Resources */ = {isa = PBXBuildFile; fileRef = 093A1F46162FC64B0024393E /* Default-568h@2x.png */; };
		093A1F4A162FC64B0024393E /* HP_ViewController.m in Sources */ = {isa = PBXBuildFile; fileRef = 093A1F49162FC64B0024393E /* HP_ViewController.m */; };
		093A1F4D162FC64B0024393E /* HP_ViewController.xib in Resources */ = {isa = PBXBuildFile; fileRef = 093A1F4B162FC64B0024393E /* HP_ViewController.xib */; };
		09C567F91658D91A007A972B /* HP_AFNetWorkingUtils.m in Sources */ = {isa = PBXBuildFile; fileRef = 09C567F01658D91A007A972B /* HP_AFNetWorkingUtils.m */; };
		09C567FA1658D91A007A972B /* HP_AnimationUtils.m in Sources */ = {isa = PBXBuildFile; fileRef = 09C567F21658D91A007A972B /* HP_AnimationUtils.m */; };
		09C567FB1658D91A007A972B /* HP_JSONUtils.m in Sources */ = {isa = PBXBuildFile; fileRef = 09C567F41658D91A007A972B /* HP_JSONUtils.m */; };
		09C567FC1658D91A007A972B /* HP_StringUtils.m in Sources */ = {isa = PBXBuildFile; fileRef = 09C567F61658D91A007A972B /* HP_StringUtils.m */; };
		09C567FD1658D91A007A972B /* HP_UIImageUtils.m in Sources */ = {isa = PBXBuildFile; fileRef = 09C567F81658D91A007A972B /* HP_UIImageUtils.m */; };
		09C5681A1658D984007A972B /* AFHTTPClient.m in Sources */ = {isa = PBXBuildFile; fileRef = 09C568001658D984007A972B /* AFHTTPClient.m */; };
		09C5681B1658D984007A972B /* AFHTTPRequestOperation.m in Sources */ = {isa = PBXBuildFile; fileRef = 09C568021658D984007A972B /* AFHTTPRequestOperation.m */; };
		09C5681C1658D984007A972B /* AFImageRequestOperation.m in Sources */ = {isa = PBXBuildFile; fileRef = 09C568041658D984007A972B /* AFImageRequestOperation.m */; };
		09C5681D1658D984007A972B /* AFJSONRequestOperation.m in Sources */ = {isa = PBXBuildFile; fileRef = 09C568061658D984007A972B /* AFJSONRequestOperation.m */; };
		09C5681E1658D984007A972B /* AFJSONUtilities.m in Sources */ = {isa = PBXBuildFile; fileRef = 09C568081658D984007A972B /* AFJSONUtilities.m */; };
		09C5681F1658D984007A972B /* AFNetworkActivityIndicatorManager.m in Sources */ = {isa = PBXBuildFile; fileRef = 09C5680A1658D984007A972B /* AFNetworkActivityIndicatorManager.m */; };
		09C568201658D984007A972B /* AFPropertyListRequestOperation.m in Sources */ = {isa = PBXBuildFile; fileRef = 09C5680D1658D984007A972B /* AFPropertyListRequestOperation.m */; };
		09C568211658D984007A972B /* AFURLConnectionOperation.m in Sources */ = {isa = PBXBuildFile; fileRef = 09C5680F1658D984007A972B /* AFURLConnectionOperation.m */; };
		09C568221658D984007A972B /* AFXMLRequestOperation.m in Sources */ = {isa = PBXBuildFile; fileRef = 09C568111658D984007A972B /* AFXMLRequestOperation.m */; };
		09C568231658D984007A972B /* UIImageView+AFNetworking.m in Sources */ = {isa = PBXBuildFile; fileRef = 09C568131658D984007A972B /* UIImageView+AFNetworking.m */; };
		09C568241658D984007A972B /* HP_PageFlowView.m in Sources */ = {isa = PBXBuildFile; fileRef = 09C568161658D984007A972B /* HP_PageFlowView.m */; };
		09C568251658D984007A972B /* HP_BaseViewController.m in Sources */ = {isa = PBXBuildFile; fileRef = 09C568191658D984007A972B /* HP_BaseViewController.m */; };
/* End PBXBuildFile section */

/* Begin PBXFileReference section */
		093A1F2C162FC64B0024393E /* common4ios.app */ = {isa = PBXFileReference; explicitFileType = wrapper.application; includeInIndex = 0; path = common4ios.app; sourceTree = BUILT_PRODUCTS_DIR; };
		093A1F30162FC64B0024393E /* UIKit.framework */ = {isa = PBXFileReference; lastKnownFileType = wrapper.framework; name = UIKit.framework; path = System/Library/Frameworks/UIKit.framework; sourceTree = SDKROOT; };
		093A1F32162FC64B0024393E /* Foundation.framework */ = {isa = PBXFileReference; lastKnownFileType = wrapper.framework; name = Foundation.framework; path = System/Library/Frameworks/Foundation.framework; sourceTree = SDKROOT; };
		093A1F34162FC64B0024393E /* CoreGraphics.framework */ = {isa = PBXFileReference; lastKnownFileType = wrapper.framework; name = CoreGraphics.framework; path = System/Library/Frameworks/CoreGraphics.framework; sourceTree = SDKROOT; };
		093A1F38162FC64B0024393E /* common4ios-Info.plist */ = {isa = PBXFileReference; lastKnownFileType = text.plist.xml; path = "common4ios-Info.plist"; sourceTree = "<group>"; };
		093A1F3A162FC64B0024393E /* en */ = {isa = PBXFileReference; lastKnownFileType = text.plist.strings; name = en; path = en.lproj/InfoPlist.strings; sourceTree = "<group>"; };
		093A1F3C162FC64B0024393E /* main.m */ = {isa = PBXFileReference; lastKnownFileType = sourcecode.c.objc; path = main.m; sourceTree = "<group>"; };
		093A1F3E162FC64B0024393E /* common4ios-Prefix.pch */ = {isa = PBXFileReference; lastKnownFileType = sourcecode.c.h; path = "common4ios-Prefix.pch"; sourceTree = "<group>"; };
		093A1F3F162FC64B0024393E /* HP_AppDelegate.h */ = {isa = PBXFileReference; lastKnownFileType = sourcecode.c.h; path = HP_AppDelegate.h; sourceTree = "<group>"; };
		093A1F40162FC64B0024393E /* HP_AppDelegate.m */ = {isa = PBXFileReference; lastKnownFileType = sourcecode.c.objc; path = HP_AppDelegate.m; sourceTree = "<group>"; };
		093A1F42162FC64B0024393E /* Default.png */ = {isa = PBXFileReference; lastKnownFileType = image.png; path = Default.png; sourceTree = "<group>"; };
		093A1F44162FC64B0024393E /* Default@2x.png */ = {isa = PBXFileReference; lastKnownFileType = image.png; path = "Default@2x.png"; sourceTree = "<group>"; };
		093A1F46162FC64B0024393E /* Default-568h@2x.png */ = {isa = PBXFileReference; lastKnownFileType = image.png; path = "Default-568h@2x.png"; sourceTree = "<group>"; };
		093A1F48162FC64B0024393E /* HP_ViewController.h */ = {isa = PBXFileReference; lastKnownFileType = sourcecode.c.h; path = HP_ViewController.h; sourceTree = "<group>"; };
		093A1F49162FC64B0024393E /* HP_ViewController.m */ = {isa = PBXFileReference; lastKnownFileType = sourcecode.c.objc; path = HP_ViewController.m; sourceTree = "<group>"; };
		093A1F4C162FC64B0024393E /* en */ = {isa = PBXFileReference; lastKnownFileType = file.xib; name = en; path = en.lproj/HP_ViewController.xib; sourceTree = "<group>"; };
		09C567EF1658D91A007A972B /* HP_AFNetWorkingUtils.h */ = {isa = PBXFileReference; fileEncoding = 4; lastKnownFileType = sourcecode.c.h; path = HP_AFNetWorkingUtils.h; sourceTree = "<group>"; };
		09C567F01658D91A007A972B /* HP_AFNetWorkingUtils.m */ = {isa = PBXFileReference; fileEncoding = 4; lastKnownFileType = sourcecode.c.objc; path = HP_AFNetWorkingUtils.m; sourceTree = "<group>"; };
		09C567F11658D91A007A972B /* HP_AnimationUtils.h */ = {isa = PBXFileReference; fileEncoding = 4; lastKnownFileType = sourcecode.c.h; path = HP_AnimationUtils.h; sourceTree = "<group>"; };
		09C567F21658D91A007A972B /* HP_AnimationUtils.m */ = {isa = PBXFileReference; fileEncoding = 4; lastKnownFileType = sourcecode.c.objc; path = HP_AnimationUtils.m; sourceTree = "<group>"; };
		09C567F31658D91A007A972B /* HP_JSONUtils.h */ = {isa = PBXFileReference; fileEncoding = 4; lastKnownFileType = sourcecode.c.h; path = HP_JSONUtils.h; sourceTree = "<group>"; };
		09C567F41658D91A007A972B /* HP_JSONUtils.m */ = {isa = PBXFileReference; fileEncoding = 4; lastKnownFileType = sourcecode.c.objc; path = HP_JSONUtils.m; sourceTree = "<group>"; };
		09C567F51658D91A007A972B /* HP_StringUtils.h */ = {isa = PBXFileReference; fileEncoding = 4; lastKnownFileType = sourcecode.c.h; path = HP_StringUtils.h; sourceTree = "<group>"; };
		09C567F61658D91A007A972B /* HP_StringUtils.m */ = {isa = PBXFileReference; fileEncoding = 4; lastKnownFileType = sourcecode.c.objc; path = HP_StringUtils.m; sourceTree = "<group>"; };
		09C567F71658D91A007A972B /* HP_UIImageUtils.h */ = {isa = PBXFileReference; fileEncoding = 4; lastKnownFileType = sourcecode.c.h; path = HP_UIImageUtils.h; sourceTree = "<group>"; };
		09C567F81658D91A007A972B /* HP_UIImageUtils.m */ = {isa = PBXFileReference; fileEncoding = 4; lastKnownFileType = sourcecode.c.objc; path = HP_UIImageUtils.m; sourceTree = "<group>"; };
		09C567FF1658D984007A972B /* AFHTTPClient.h */ = {isa = PBXFileReference; fileEncoding = 4; lastKnownFileType = sourcecode.c.h; path = AFHTTPClient.h; sourceTree = "<group>"; };
		09C568001658D984007A972B /* AFHTTPClient.m */ = {isa = PBXFileReference; fileEncoding = 4; lastKnownFileType = sourcecode.c.objc; path = AFHTTPClient.m; sourceTree = "<group>"; };
		09C568011658D984007A972B /* AFHTTPRequestOperation.h */ = {isa = PBXFileReference; fileEncoding = 4; lastKnownFileType = sourcecode.c.h; path = AFHTTPRequestOperation.h; sourceTree = "<group>"; };
		09C568021658D984007A972B /* AFHTTPRequestOperation.m */ = {isa = PBXFileReference; fileEncoding = 4; lastKnownFileType = sourcecode.c.objc; path = AFHTTPRequestOperation.m; sourceTree = "<group>"; };
		09C568031658D984007A972B /* AFImageRequestOperation.h */ = {isa = PBXFileReference; fileEncoding = 4; lastKnownFileType = sourcecode.c.h; path = AFImageRequestOperation.h; sourceTree = "<group>"; };
		09C568041658D984007A972B /* AFImageRequestOperation.m */ = {isa = PBXFileReference; fileEncoding = 4; lastKnownFileType = sourcecode.c.objc; path = AFImageRequestOperation.m; sourceTree = "<group>"; };
		09C568051658D984007A972B /* AFJSONRequestOperation.h */ = {isa = PBXFileReference; fileEncoding = 4; lastKnownFileType = sourcecode.c.h; path = AFJSONRequestOperation.h; sourceTree = "<group>"; };
		09C568061658D984007A972B /* AFJSONRequestOperation.m */ = {isa = PBXFileReference; fileEncoding = 4; lastKnownFileType = sourcecode.c.objc; path = AFJSONRequestOperation.m; sourceTree = "<group>"; };
		09C568071658D984007A972B /* AFJSONUtilities.h */ = {isa = PBXFileReference; fileEncoding = 4; lastKnownFileType = sourcecode.c.h; path = AFJSONUtilities.h; sourceTree = "<group>"; };
		09C568081658D984007A972B /* AFJSONUtilities.m */ = {isa = PBXFileReference; fileEncoding = 4; lastKnownFileType = sourcecode.c.objc; path = AFJSONUtilities.m; sourceTree = "<group>"; };
		09C568091658D984007A972B /* AFNetworkActivityIndicatorManager.h */ = {isa = PBXFileReference; fileEncoding = 4; lastKnownFileType = sourcecode.c.h; path = AFNetworkActivityIndicatorManager.h; sourceTree = "<group>"; };
		09C5680A1658D984007A972B /* AFNetworkActivityIndicatorManager.m */ = {isa = PBXFileReference; fileEncoding = 4; lastKnownFileType = sourcecode.c.objc; path = AFNetworkActivityIndicatorManager.m; sourceTree = "<group>"; };
		09C5680B1658D984007A972B /* AFNetworking.h */ = {isa = PBXFileReference; fileEncoding = 4; lastKnownFileType = sourcecode.c.h; path = AFNetworking.h; sourceTree = "<group>"; };
		09C5680C1658D984007A972B /* AFPropertyListRequestOperation.h */ = {isa = PBXFileReference; fileEncoding = 4; lastKnownFileType = sourcecode.c.h; path = AFPropertyListRequestOperation.h; sourceTree = "<group>"; };
		09C5680D1658D984007A972B /* AFPropertyListRequestOperation.m */ = {isa = PBXFileReference; fileEncoding = 4; lastKnownFileType = sourcecode.c.objc; path = AFPropertyListRequestOperation.m; sourceTree = "<group>"; };
		09C5680E1658D984007A972B /* AFURLConnectionOperation.h */ = {isa = PBXFileReference; fileEncoding = 4; lastKnownFileType = sourcecode.c.h; path = AFURLConnectionOperation.h; sourceTree = "<group>"; };
		09C5680F1658D984007A972B /* AFURLConnectionOperation.m */ = {isa = PBXFileReference; fileEncoding = 4; lastKnownFileType = sourcecode.c.objc; path = AFURLConnectionOperation.m; sourceTree = "<group>"; };
		09C568101658D984007A972B /* AFXMLRequestOperation.h */ = {isa = PBXFileReference; fileEncoding = 4; lastKnownFileType = sourcecode.c.h; path = AFXMLRequestOperation.h; sourceTree = "<group>"; };
		09C568111658D984007A972B /* AFXMLRequestOperation.m */ = {isa = PBXFileReference; fileEncoding = 4; lastKnownFileType = sourcecode.c.objc; path = AFXMLRequestOperation.m; sourceTree = "<group>"; };
		09C568121658D984007A972B /* UIImageView+AFNetworking.h */ = {isa = PBXFileReference; fileEncoding = 4; lastKnownFileType = sourcecode.c.h; path = "UIImageView+AFNetworking.h"; sourceTree = "<group>"; };
		09C568131658D984007A972B /* UIImageView+AFNetworking.m */ = {isa = PBXFileReference; fileEncoding = 4; lastKnownFileType = sourcecode.c.objc; path = "UIImageView+AFNetworking.m"; sourceTree = "<group>"; };
		09C568151658D984007A972B /* HP_PageFlowView.h */ = {isa = PBXFileReference; fileEncoding = 4; lastKnownFileType = sourcecode.c.h; path = HP_PageFlowView.h; sourceTree = "<group>"; };
		09C568161658D984007A972B /* HP_PageFlowView.m */ = {isa = PBXFileReference; fileEncoding = 4; lastKnownFileType = sourcecode.c.objc; path = HP_PageFlowView.m; sourceTree = "<group>"; };
		09C568181658D984007A972B /* HP_BaseViewController.h */ = {isa = PBXFileReference; fileEncoding = 4; lastKnownFileType = sourcecode.c.h; path = HP_BaseViewController.h; sourceTree = "<group>"; };
		09C568191658D984007A972B /* HP_BaseViewController.m */ = {isa = PBXFileReference; fileEncoding = 4; lastKnownFileType = sourcecode.c.objc; path = HP_BaseViewController.m; sourceTree = "<group>"; };
/* End PBXFileReference section */

/* Begin PBXFrameworksBuildPhase section */
		093A1F29162FC64B0024393E /* Frameworks */ = {
			isa = PBXFrameworksBuildPhase;
			buildActionMask = 2147483647;
			files = (
				093A1F31162FC64B0024393E /* UIKit.framework in Frameworks */,
				093A1F33162FC64B0024393E /* Foundation.framework in Frameworks */,
				093A1F35162FC64B0024393E /* CoreGraphics.framework in Frameworks */,
			);
			runOnlyForDeploymentPostprocessing = 0;
		};
/* End PBXFrameworksBuildPhase section */

/* Begin PBXGroup section */
		093A1F21162FC64B0024393E = {
			isa = PBXGroup;
			children = (
				093A1F36162FC64B0024393E /* common4ios */,
				093A1F2F162FC64B0024393E /* Frameworks */,
				093A1F2D162FC64B0024393E /* Products */,
			);
			sourceTree = "<group>";
		};
		093A1F2D162FC64B0024393E /* Products */ = {
			isa = PBXGroup;
			children = (
				093A1F2C162FC64B0024393E /* common4ios.app */,
			);
			name = Products;
			sourceTree = "<group>";
		};
		093A1F2F162FC64B0024393E /* Frameworks */ = {
			isa = PBXGroup;
			children = (
				093A1F30162FC64B0024393E /* UIKit.framework */,
				093A1F32162FC64B0024393E /* Foundation.framework */,
				093A1F34162FC64B0024393E /* CoreGraphics.framework */,
			);
			name = Frameworks;
			sourceTree = "<group>";
		};
		093A1F36162FC64B0024393E /* common4ios */ = {
			isa = PBXGroup;
			children = (
				09C567FE1658D984007A972B /* AFNetworking */,
				09C568141658D984007A972B /* CustomView */,
				09C568171658D984007A972B /* SuperClass */,
				09C567EE1658D91A007A972B /* Utils */,
				093A1F3F162FC64B0024393E /* HP_AppDelegate.h */,
				093A1F40162FC64B0024393E /* HP_AppDelegate.m */,
				093A1F48162FC64B0024393E /* HP_ViewController.h */,
				093A1F49162FC64B0024393E /* HP_ViewController.m */,
				093A1F4B162FC64B0024393E /* HP_ViewController.xib */,
				093A1F37162FC64B0024393E /* Supporting Files */,
			);
			path = common4ios;
			sourceTree = "<group>";
		};
		093A1F37162FC64B0024393E /* Supporting Files */ = {
			isa = PBXGroup;
			children = (
				093A1F38162FC64B0024393E /* common4ios-Info.plist */,
				093A1F39162FC64B0024393E /* InfoPlist.strings */,
				093A1F3C162FC64B0024393E /* main.m */,
				093A1F3E162FC64B0024393E /* common4ios-Prefix.pch */,
				093A1F42162FC64B0024393E /* Default.png */,
				093A1F44162FC64B0024393E /* Default@2x.png */,
				093A1F46162FC64B0024393E /* Default-568h@2x.png */,
			);
			name = "Supporting Files";
			sourceTree = "<group>";
		};
		09C567EE1658D91A007A972B /* Utils */ = {
			isa = PBXGroup;
			children = (
				09C567EF1658D91A007A972B /* HP_AFNetWorkingUtils.h */,
				09C567F01658D91A007A972B /* HP_AFNetWorkingUtils.m */,
				09C567F11658D91A007A972B /* HP_AnimationUtils.h */,
				09C567F21658D91A007A972B /* HP_AnimationUtils.m */,
				09C567F31658D91A007A972B /* HP_JSONUtils.h */,
				09C567F41658D91A007A972B /* HP_JSONUtils.m */,
				09C567F51658D91A007A972B /* HP_StringUtils.h */,
				09C567F61658D91A007A972B /* HP_StringUtils.m */,
				09C567F71658D91A007A972B /* HP_UIImageUtils.h */,
				09C567F81658D91A007A972B /* HP_UIImageUtils.m */,
			);
			path = Utils;
			sourceTree = "<group>";
		};
		09C567FE1658D984007A972B /* AFNetworking */ = {
			isa = PBXGroup;
			children = (
				09C567FF1658D984007A972B /* AFHTTPClient.h */,
				09C568001658D984007A972B /* AFHTTPClient.m */,
				09C568011658D984007A972B /* AFHTTPRequestOperation.h */,
				09C568021658D984007A972B /* AFHTTPRequestOperation.m */,
				09C568031658D984007A972B /* AFImageRequestOperation.h */,
				09C568041658D984007A972B /* AFImageRequestOperation.m */,
				09C568051658D984007A972B /* AFJSONRequestOperation.h */,
				09C568061658D984007A972B /* AFJSONRequestOperation.m */,
				09C568071658D984007A972B /* AFJSONUtilities.h */,
				09C568081658D984007A972B /* AFJSONUtilities.m */,
				09C568091658D984007A972B /* AFNetworkActivityIndicatorManager.h */,
				09C5680A1658D984007A972B /* AFNetworkActivityIndicatorManager.m */,
				09C5680B1658D984007A972B /* AFNetworking.h */,
				09C5680C1658D984007A972B /* AFPropertyListRequestOperation.h */,
				09C5680D1658D984007A972B /* AFPropertyListRequestOperation.m */,
				09C5680E1658D984007A972B /* AFURLConnectionOperation.h */,
				09C5680F1658D984007A972B /* AFURLConnectionOperation.m */,
				09C568101658D984007A972B /* AFXMLRequestOperation.h */,
				09C568111658D984007A972B /* AFXMLRequestOperation.m */,
				09C568121658D984007A972B /* UIImageView+AFNetworking.h */,
				09C568131658D984007A972B /* UIImageView+AFNetworking.m */,
			);
			path = AFNetworking;
			sourceTree = "<group>";
		};
		09C568141658D984007A972B /* CustomView */ = {
			isa = PBXGroup;
			children = (
				09C568151658D984007A972B /* HP_PageFlowView.h */,
				09C568161658D984007A972B /* HP_PageFlowView.m */,
			);
			path = CustomView;
			sourceTree = "<group>";
		};
		09C568171658D984007A972B /* SuperClass */ = {
			isa = PBXGroup;
			children = (
				09C568181658D984007A972B /* HP_BaseViewController.h */,
				09C568191658D984007A972B /* HP_BaseViewController.m */,
			);
			path = SuperClass;
			sourceTree = "<group>";
		};
/* End PBXGroup section */

/* Begin PBXNativeTarget section */
		093A1F2B162FC64B0024393E /* common4ios */ = {
			isa = PBXNativeTarget;
			buildConfigurationList = 093A1F50162FC64B0024393E /* Build configuration list for PBXNativeTarget "common4ios" */;
			buildPhases = (
				093A1F28162FC64B0024393E /* Sources */,
				093A1F29162FC64B0024393E /* Frameworks */,
				093A1F2A162FC64B0024393E /* Resources */,
			);
			buildRules = (
			);
			dependencies = (
			);
			name = common4ios;
			productName = common4ios;
			productReference = 093A1F2C162FC64B0024393E /* common4ios.app */;
			productType = "com.apple.product-type.application";
		};
/* End PBXNativeTarget section */

/* Begin PBXProject section */
		093A1F23162FC64B0024393E /* Project object */ = {
			isa = PBXProject;
			attributes = {
				CLASSPREFIX = HP_;
				LastUpgradeCheck = 0450;
				ORGANIZATIONNAME = "Yi Xu";
			};
			buildConfigurationList = 093A1F26162FC64B0024393E /* Build configuration list for PBXProject "common4ios" */;
			compatibilityVersion = "Xcode 3.2";
			developmentRegion = English;
			hasScannedForEncodings = 0;
			knownRegions = (
				en,
			);
			mainGroup = 093A1F21162FC64B0024393E;
			productRefGroup = 093A1F2D162FC64B0024393E /* Products */;
			projectDirPath = "";
			projectRoot = "";
			targets = (
				093A1F2B162FC64B0024393E /* common4ios */,
			);
		};
/* End PBXProject section */

/* Begin PBXResourcesBuildPhase section */
		093A1F2A162FC64B0024393E /* Resources */ = {
			isa = PBXResourcesBuildPhase;
			buildActionMask = 2147483647;
			files = (
				093A1F3B162FC64B0024393E /* InfoPlist.strings in Resources */,
				093A1F43162FC64B0024393E /* Default.png in Resources */,
				093A1F45162FC64B0024393E /* Default@2x.png in Resources */,
				093A1F47162FC64B0024393E /* Default-568h@2x.png in Resources */,
				093A1F4D162FC64B0024393E /* HP_ViewController.xib in Resources */,
			);
			runOnlyForDeploymentPostprocessing = 0;
		};
/* End PBXResourcesBuildPhase section */

/* Begin PBXSourcesBuildPhase section */
		093A1F28162FC64B0024393E /* Sources */ = {
			isa = PBXSourcesBuildPhase;
			buildActionMask = 2147483647;
			files = (
				093A1F3D162FC64B0024393E /* main.m in Sources */,
				093A1F41162FC64B0024393E /* HP_AppDelegate.m in Sources */,
				093A1F4A162FC64B0024393E /* HP_ViewController.m in Sources */,
				09C567F91658D91A007A972B /* HP_AFNetWorkingUtils.m in Sources */,
				09C567FA1658D91A007A972B /* HP_AnimationUtils.m in Sources */,
				09C567FB1658D91A007A972B /* HP_JSONUtils.m in Sources */,
				09C567FC1658D91A007A972B /* HP_StringUtils.m in Sources */,
				09C567FD1658D91A007A972B /* HP_UIImageUtils.m in Sources */,
				09C5681A1658D984007A972B /* AFHTTPClient.m in Sources */,
				09C5681B1658D984007A972B /* AFHTTPRequestOperation.m in Sources */,
				09C5681C1658D984007A972B /* AFImageRequestOperation.m in Sources */,
				09C5681D1658D984007A972B /* AFJSONRequestOperation.m in Sources */,
				09C5681E1658D984007A972B /* AFJSONUtilities.m in Sources */,
				09C5681F1658D984007A972B /* AFNetworkActivityIndicatorManager.m in Sources */,
				09C568201658D984007A972B /* AFPropertyListRequestOperation.m in Sources */,
				09C568211658D984007A972B /* AFURLConnectionOperation.m in Sources */,
				09C568221658D984007A972B /* AFXMLRequestOperation.m in Sources */,
				09C568231658D984007A972B /* UIImageView+AFNetworking.m in Sources */,
				09C568241658D984007A972B /* HP_PageFlowView.m in Sources */,
				09C568251658D984007A972B /* HP_BaseViewController.m in Sources */,
			);
			runOnlyForDeploymentPostprocessing = 0;
		};
/* End PBXSourcesBuildPhase section */

/* Begin PBXVariantGroup section */
		093A1F39162FC64B0024393E /* InfoPlist.strings */ = {
			isa = PBXVariantGroup;
			children = (
				093A1F3A162FC64B0024393E /* en */,
			);
			name = InfoPlist.strings;
			sourceTree = "<group>";
		};
		093A1F4B162FC64B0024393E /* HP_ViewController.xib */ = {
			isa = PBXVariantGroup;
			children = (
				093A1F4C162FC64B0024393E /* en */,
			);
			name = HP_ViewController.xib;
			sourceTree = "<group>";
		};
/* End PBXVariantGroup section */

/* Begin XCBuildConfiguration section */
		093A1F4E162FC64B0024393E /* Debug */ = {
			isa = XCBuildConfiguration;
			buildSettings = {
				ALWAYS_SEARCH_USER_PATHS = NO;
				CLANG_CXX_LANGUAGE_STANDARD = "gnu++0x";
				CLANG_CXX_LIBRARY = "libc++";
				CLANG_ENABLE_OBJC_ARC = YES;
				CLANG_WARN_EMPTY_BODY = YES;
				CLANG_WARN__DUPLICATE_METHOD_MATCH = YES;
				"CODE_SIGN_IDENTITY[sdk=iphoneos*]" = "iPhone Developer";
				COPY_PHASE_STRIP = NO;
				GCC_C_LANGUAGE_STANDARD = gnu99;
				GCC_DYNAMIC_NO_PIC = NO;
				GCC_OPTIMIZATION_LEVEL = 0;
				GCC_PREPROCESSOR_DEFINITIONS = (
					"DEBUG=1",
					"$(inherited)",
				);
				GCC_SYMBOLS_PRIVATE_EXTERN = NO;
				GCC_WARN_ABOUT_RETURN_TYPE = YES;
				GCC_WARN_UNINITIALIZED_AUTOS = YES;
				GCC_WARN_UNUSED_VARIABLE = YES;
				IPHONEOS_DEPLOYMENT_TARGET = 4.3;
				ONLY_ACTIVE_ARCH = YES;
				SDKROOT = iphoneos;
			};
			name = Debug;
		};
		093A1F4F162FC64B0024393E /* Release */ = {
			isa = XCBuildConfiguration;
			buildSettings = {
				ALWAYS_SEARCH_USER_PATHS = NO;
				CLANG_CXX_LANGUAGE_STANDARD = "gnu++0x";
				CLANG_CXX_LIBRARY = "libc++";
				CLANG_ENABLE_OBJC_ARC = YES;
				CLANG_WARN_EMPTY_BODY = YES;
				CLANG_WARN__DUPLICATE_METHOD_MATCH = YES;
				"CODE_SIGN_IDENTITY[sdk=iphoneos*]" = "iPhone Developer";
				COPY_PHASE_STRIP = YES;
				GCC_C_LANGUAGE_STANDARD = gnu99;
				GCC_WARN_ABOUT_RETURN_TYPE = YES;
				GCC_WARN_UNINITIALIZED_AUTOS = YES;
				GCC_WARN_UNUSED_VARIABLE = YES;
				IPHONEOS_DEPLOYMENT_TARGET = 4.3;
				OTHER_CFLAGS = "-DNS_BLOCK_ASSERTIONS=1";
				SDKROOT = iphoneos;
				VALIDATE_PRODUCT = YES;
			};
			name = Release;
		};
		093A1F51162FC64B0024393E /* Debug */ = {
			isa = XCBuildConfiguration;
			buildSettings = {
				GCC_PRECOMPILE_PREFIX_HEADER = YES;
				GCC_PREFIX_HEADER = "common4ios/common4ios-Prefix.pch";
				INFOPLIST_FILE = "common4ios/common4ios-Info.plist";
				IPHONEOS_DEPLOYMENT_TARGET = 4.3;
				PRODUCT_NAME = "$(TARGET_NAME)";
				WRAPPER_EXTENSION = app;
			};
			name = Debug;
		};
		093A1F52162FC64B0024393E /* Release */ = {
			isa = XCBuildConfiguration;
			buildSettings = {
				GCC_PRECOMPILE_PREFIX_HEADER = YES;
				GCC_PREFIX_HEADER = "common4ios/common4ios-Prefix.pch";
				INFOPLIST_FILE = "common4ios/common4ios-Info.plist";
				IPHONEOS_DEPLOYMENT_TARGET = 4.3;
				PRODUCT_NAME = "$(TARGET_NAME)";
				WRAPPER_EXTENSION = app;
			};
			name = Release;
		};
/* End XCBuildConfiguration section */

/* Begin XCConfigurationList section */
		093A1F26162FC64B0024393E /* Build configuration list for PBXProject "common4ios" */ = {
			isa = XCConfigurationList;
			buildConfigurations = (
				093A1F4E162FC64B0024393E /* Debug */,
				093A1F4F162FC64B0024393E /* Release */,
			);
			defaultConfigurationIsVisible = 0;
			defaultConfigurationName = Release;
		};
		093A1F50162FC64B0024393E /* Build configuration list for PBXNativeTarget "common4ios" */ = {
			isa = XCConfigurationList;
			buildConfigurations = (
				093A1F51162FC64B0024393E /* Debug */,
				093A1F52162FC64B0024393E /* Release */,
			);
			defaultConfigurationIsVisible = 0;
			defaultConfigurationName = Release;
		};
/* End XCConfigurationList section */
	};
	rootObject = 093A1F23162FC64B0024393E /* Project object */;
}
