// !$*UTF8*$!
{
	archiveVersion = 1;
	classes = {
	};
	objectVersion = 46;
	objects = {

/* Begin PBXBuildFile section */
		093A1F31162FC64B0024393E /* UIKit.framework in Frameworks */ = {isa = PBXBuildFile; fileRef = 093A1F30162FC64B0024393E /* UIKit.framework */; };
		093A1F33162FC64B0024393E /* Foundation.framework in Frameworks */ = {isa = PBXBuildFile; fileRef = 093A1F32162FC64B0024393E /* Foundation.framework */; };
		093A1F35162FC64B0024393E /* CoreGraphics.framework in Frameworks */ = {isa = PBXBuildFile; fileRef = 093A1F34162FC64B0024393E /* CoreGraphics.framework */; };
		093A1F3B162FC64B0024393E /* InfoPlist.strings in Resources */ = {isa = PBXBuildFile; fileRef = 093A1F39162FC64B0024393E /* InfoPlist.strings */; };
		093A1F3D162FC64B0024393E /* main.m in Sources */ = {isa = PBXBuildFile; fileRef = 093A1F3C162FC64B0024393E /* main.m */; };
		093A1F41162FC64B0024393E /* HP_AppDelegate.m in Sources */ = {isa = PBXBuildFile; fileRef = 093A1F40162FC64B0024393E /* HP_AppDelegate.m */; };
		093A1F43162FC64B0024393E /* Default.png in Resources */ = {isa = PBXBuildFile; fileRef = 093A1F42162FC64B0024393E /* Default.png */; };
		093A1F45162FC64B0024393E /* Default@2x.png in Resources */ = {isa = PBXBuildFile; fileRef = 093A1F44162FC64B0024393E /* Default@2x.png */; };
		093A1F47162FC64B0024393E /* Default-568h@2x.png in Resources */ = {isa = PBXBuildFile; fileRef = 093A1F46162FC64B0024393E /* Default-568h@2x.png */; };
		09833361166714AE0037D100 /* QuartzCore.framework in Frameworks */ = {isa = PBXBuildFile; fileRef = 09833360166714AE0037D100 /* QuartzCore.framework */; };
		09833363166714C50037D100 /* SystemConfiguration.framework in Frameworks */ = {isa = PBXBuildFile; fileRef = 09833362166714C40037D100 /* SystemConfiguration.framework */; };
		09EE8D8F16772C840045E499 /* HP_PageFlowViewController.m in Sources */ = {isa = PBXBuildFile; fileRef = 09EE8D8816772C840045E499 /* HP_PageFlowViewController.m */; };
		09EE8D9016772C840045E499 /* HP_PageFlowViewController.xib in Resources */ = {isa = PBXBuildFile; fileRef = 09EE8D8916772C840045E499 /* HP_PageFlowViewController.xib */; };
		09EE8D9116772C840045E499 /* HP_TimeLineCenterViewController.m in Sources */ = {isa = PBXBuildFile; fileRef = 09EE8D8B16772C840045E499 /* HP_TimeLineCenterViewController.m */; };
		09EE8D9216772C840045E499 /* HP_ViewController.m in Sources */ = {isa = PBXBuildFile; fileRef = 09EE8D8D16772C840045E499 /* HP_ViewController.m */; };
		09EE8D9316772C840045E499 /* HP_ViewController.xib in Resources */ = {isa = PBXBuildFile; fileRef = 09EE8D8E16772C840045E499 /* HP_ViewController.xib */; };
		09EE8DDB16772CF90045E499 /* UIImage+Common4IOS.m in Sources */ = {isa = PBXBuildFile; fileRef = 09EE8D9616772CF90045E499 /* UIImage+Common4IOS.m */; };
		09EE8DDC16772CF90045E499 /* HP_Common4IOS.m in Sources */ = {isa = PBXBuildFile; fileRef = 09EE8D9816772CF90045E499 /* HP_Common4IOS.m */; };
		09EE8DDD16772CF90045E499 /* AFHTTPClient.m in Sources */ = {isa = PBXBuildFile; fileRef = 09EE8D9C16772CF90045E499 /* AFHTTPClient.m */; settings = {COMPILER_FLAGS = "-fno-objc-arc"; }; };
		09EE8DDE16772CF90045E499 /* AFHTTPRequestOperation.m in Sources */ = {isa = PBXBuildFile; fileRef = 09EE8D9E16772CF90045E499 /* AFHTTPRequestOperation.m */; settings = {COMPILER_FLAGS = "-fno-objc-arc"; }; };
		09EE8DDF16772CF90045E499 /* AFImageRequestOperation.m in Sources */ = {isa = PBXBuildFile; fileRef = 09EE8DA016772CF90045E499 /* AFImageRequestOperation.m */; settings = {COMPILER_FLAGS = "-fno-objc-arc"; }; };
		09EE8DE016772CF90045E499 /* AFJSONRequestOperation.m in Sources */ = {isa = PBXBuildFile; fileRef = 09EE8DA216772CF90045E499 /* AFJSONRequestOperation.m */; settings = {COMPILER_FLAGS = "-fno-objc-arc"; }; };
		09EE8DE116772CF90045E499 /* AFJSONUtilities.m in Sources */ = {isa = PBXBuildFile; fileRef = 09EE8DA416772CF90045E499 /* AFJSONUtilities.m */; settings = {COMPILER_FLAGS = "-fno-objc-arc"; }; };
		09EE8DE216772CF90045E499 /* AFNetworkActivityIndicatorManager.m in Sources */ = {isa = PBXBuildFile; fileRef = 09EE8DA616772CF90045E499 /* AFNetworkActivityIndicatorManager.m */; settings = {COMPILER_FLAGS = "-fno-objc-arc"; }; };
		09EE8DE316772CF90045E499 /* AFPropertyListRequestOperation.m in Sources */ = {isa = PBXBuildFile; fileRef = 09EE8DA916772CF90045E499 /* AFPropertyListRequestOperation.m */; settings = {COMPILER_FLAGS = "-fno-objc-arc"; }; };
		09EE8DE416772CF90045E499 /* AFURLConnectionOperation.m in Sources */ = {isa = PBXBuildFile; fileRef = 09EE8DAB16772CF90045E499 /* AFURLConnectionOperation.m */; settings = {COMPILER_FLAGS = "-fno-objc-arc"; }; };
		09EE8DE516772CF90045E499 /* AFXMLRequestOperation.m in Sources */ = {isa = PBXBuildFile; fileRef = 09EE8DAD16772CF90045E499 /* AFXMLRequestOperation.m */; settings = {COMPILER_FLAGS = "-fno-objc-arc"; }; };
		09EE8DE616772CF90045E499 /* UIImageView+AFNetworking.m in Sources */ = {isa = PBXBuildFile; fileRef = 09EE8DAF16772CF90045E499 /* UIImageView+AFNetworking.m */; settings = {COMPILER_FLAGS = "-fno-objc-arc"; }; };
		09EE8DF016772CF90045E499 /* HP_AFNetWorkingUtils.m in Sources */ = {isa = PBXBuildFile; fileRef = 09EE8DC616772CF90045E499 /* HP_AFNetWorkingUtils.m */; };
		09EE8DF116772CF90045E499 /* HP_AnimationUtils.m in Sources */ = {isa = PBXBuildFile; fileRef = 09EE8DC816772CF90045E499 /* HP_AnimationUtils.m */; };
		09EE8DF216772CF90045E499 /* HP_JSONUtils.m in Sources */ = {isa = PBXBuildFile; fileRef = 09EE8DCA16772CF90045E499 /* HP_JSONUtils.m */; };
		09EE8DF316772CF90045E499 /* HP_NetWorkUtils.m in Sources */ = {isa = PBXBuildFile; fileRef = 09EE8DCC16772CF90045E499 /* HP_NetWorkUtils.m */; };
		09EE8DF416772CF90045E499 /* HP_NSDataUtils.m in Sources */ = {isa = PBXBuildFile; fileRef = 09EE8DCE16772CF90045E499 /* HP_NSDataUtils.m */; };
		09EE8DF516772CF90045E499 /* HP_NSDateUtils.m in Sources */ = {isa = PBXBuildFile; fileRef = 09EE8DD016772CF90045E499 /* HP_NSDateUtils.m */; };
		09EE8DF616772CF90045E499 /* HP_Reachability.m in Sources */ = {isa = PBXBuildFile; fileRef = 09EE8DD216772CF90045E499 /* HP_Reachability.m */; };
		09EE8DF716772CF90045E499 /* HP_StringUtils.m in Sources */ = {isa = PBXBuildFile; fileRef = 09EE8DD416772CF90045E499 /* HP_StringUtils.m */; };
		09EE8DF816772CF90045E499 /* HP_UIColorUtils.m in Sources */ = {isa = PBXBuildFile; fileRef = 09EE8DD616772CF90045E499 /* HP_UIColorUtils.m */; };
		09EE8DF916772CF90045E499 /* HP_UIImageUtils.m in Sources */ = {isa = PBXBuildFile; fileRef = 09EE8DD816772CF90045E499 /* HP_UIImageUtils.m */; };
		09EE8DFA16772CF90045E499 /* HP_UserDefaultsUtils.m in Sources */ = {isa = PBXBuildFile; fileRef = 09EE8DDA16772CF90045E499 /* HP_UserDefaultsUtils.m */; };
		09EE8E0E16772DA30045E499 /* HP_UIButton.m in Sources */ = {isa = PBXBuildFile; fileRef = 09EE8DFE16772DA30045E499 /* HP_UIButton.m */; };
		09EE8E0F16772DA30045E499 /* HP_UIImageView.m in Sources */ = {isa = PBXBuildFile; fileRef = 09EE8E0016772DA30045E499 /* HP_UIImageView.m */; };
		09EE8E1016772DA30045E499 /* HP_UIKeyboardCoView.m in Sources */ = {isa = PBXBuildFile; fileRef = 09EE8E0216772DA30045E499 /* HP_UIKeyboardCoView.m */; };
		09EE8E1116772DA30045E499 /* HP_UILabel.m in Sources */ = {isa = PBXBuildFile; fileRef = 09EE8E0416772DA30045E499 /* HP_UILabel.m */; };
		09EE8E1216772DA30045E499 /* HP_UITableView.m in Sources */ = {isa = PBXBuildFile; fileRef = 09EE8E0616772DA30045E499 /* HP_UITableView.m */; };
		09EE8E1316772DA30045E499 /* HP_UIView.m in Sources */ = {isa = PBXBuildFile; fileRef = 09EE8E0816772DA30045E499 /* HP_UIView.m */; };
		09EE8E1416772DA30045E499 /* HP_BaseTabBarController.m in Sources */ = {isa = PBXBuildFile; fileRef = 09EE8E0B16772DA30045E499 /* HP_BaseTabBarController.m */; };
		09EE8E1516772DA30045E499 /* HP_BaseViewController.m in Sources */ = {isa = PBXBuildFile; fileRef = 09EE8E0D16772DA30045E499 /* HP_BaseViewController.m */; };
		09EE8E1916772EAD0045E499 /* HP_PageFlowView.m in Sources */ = {isa = PBXBuildFile; fileRef = 09EE8E1816772EAD0045E499 /* HP_PageFlowView.m */; };
/* End PBXBuildFile section */

/* Begin PBXFileReference section */
		093A1F2C162FC64B0024393E /* common4ios.app */ = {isa = PBXFileReference; explicitFileType = wrapper.application; includeInIndex = 0; path = common4ios.app; sourceTree = BUILT_PRODUCTS_DIR; };
		093A1F30162FC64B0024393E /* UIKit.framework */ = {isa = PBXFileReference; lastKnownFileType = wrapper.framework; name = UIKit.framework; path = System/Library/Frameworks/UIKit.framework; sourceTree = SDKROOT; };
		093A1F32162FC64B0024393E /* Foundation.framework */ = {isa = PBXFileReference; lastKnownFileType = wrapper.framework; name = Foundation.framework; path = System/Library/Frameworks/Foundation.framework; sourceTree = SDKROOT; };
		093A1F34162FC64B0024393E /* CoreGraphics.framework */ = {isa = PBXFileReference; lastKnownFileType = wrapper.framework; name = CoreGraphics.framework; path = System/Library/Frameworks/CoreGraphics.framework; sourceTree = SDKROOT; };
		093A1F38162FC64B0024393E /* common4ios-Info.plist */ = {isa = PBXFileReference; lastKnownFileType = text.plist.xml; path = "common4ios-Info.plist"; sourceTree = "<group>"; };
		093A1F3A162FC64B0024393E /* en */ = {isa = PBXFileReference; lastKnownFileType = text.plist.strings; name = en; path = en.lproj/InfoPlist.strings; sourceTree = "<group>"; };
		093A1F3C162FC64B0024393E /* main.m */ = {isa = PBXFileReference; lastKnownFileType = sourcecode.c.objc; path = main.m; sourceTree = "<group>"; };
		093A1F3E162FC64B0024393E /* common4ios-Prefix.pch */ = {isa = PBXFileReference; lastKnownFileType = sourcecode.c.h; path = "common4ios-Prefix.pch"; sourceTree = "<group>"; };
		093A1F3F162FC64B0024393E /* HP_AppDelegate.h */ = {isa = PBXFileReference; lastKnownFileType = sourcecode.c.h; name = HP_AppDelegate.h; path = common4ios/HP_AppDelegate.h; sourceTree = "<group>"; };
		093A1F40162FC64B0024393E /* HP_AppDelegate.m */ = {isa = PBXFileReference; lastKnownFileType = sourcecode.c.objc; name = HP_AppDelegate.m; path = common4ios/HP_AppDelegate.m; sourceTree = "<group>"; };
		093A1F42162FC64B0024393E /* Default.png */ = {isa = PBXFileReference; lastKnownFileType = image.png; path = Default.png; sourceTree = "<group>"; };
		093A1F44162FC64B0024393E /* Default@2x.png */ = {isa = PBXFileReference; lastKnownFileType = image.png; path = "Default@2x.png"; sourceTree = "<group>"; };
		093A1F46162FC64B0024393E /* Default-568h@2x.png */ = {isa = PBXFileReference; lastKnownFileType = image.png; path = "Default-568h@2x.png"; sourceTree = "<group>"; };
		09833360166714AE0037D100 /* QuartzCore.framework */ = {isa = PBXFileReference; lastKnownFileType = wrapper.framework; name = QuartzCore.framework; path = System/Library/Frameworks/QuartzCore.framework; sourceTree = SDKROOT; };
		09833362166714C40037D100 /* SystemConfiguration.framework */ = {isa = PBXFileReference; lastKnownFileType = wrapper.framework; name = SystemConfiguration.framework; path = System/Library/Frameworks/SystemConfiguration.framework; sourceTree = SDKROOT; };
		09EE8D8716772C840045E499 /* HP_PageFlowViewController.h */ = {isa = PBXFileReference; fileEncoding = 4; lastKnownFileType = sourcecode.c.h; path = HP_PageFlowViewController.h; sourceTree = "<group>"; };
		09EE8D8816772C840045E499 /* HP_PageFlowViewController.m */ = {isa = PBXFileReference; fileEncoding = 4; lastKnownFileType = sourcecode.c.objc; path = HP_PageFlowViewController.m; sourceTree = "<group>"; };
		09EE8D8916772C840045E499 /* HP_PageFlowViewController.xib */ = {isa = PBXFileReference; fileEncoding = 4; lastKnownFileType = file.xib; path = HP_PageFlowViewController.xib; sourceTree = "<group>"; };
		09EE8D8A16772C840045E499 /* HP_TimeLineCenterViewController.h */ = {isa = PBXFileReference; fileEncoding = 4; lastKnownFileType = sourcecode.c.h; path = HP_TimeLineCenterViewController.h; sourceTree = "<group>"; };
		09EE8D8B16772C840045E499 /* HP_TimeLineCenterViewController.m */ = {isa = PBXFileReference; fileEncoding = 4; lastKnownFileType = sourcecode.c.objc; path = HP_TimeLineCenterViewController.m; sourceTree = "<group>"; };
		09EE8D8C16772C840045E499 /* HP_ViewController.h */ = {isa = PBXFileReference; fileEncoding = 4; lastKnownFileType = sourcecode.c.h; path = HP_ViewController.h; sourceTree = "<group>"; };
		09EE8D8D16772C840045E499 /* HP_ViewController.m */ = {isa = PBXFileReference; fileEncoding = 4; lastKnownFileType = sourcecode.c.objc; path = HP_ViewController.m; sourceTree = "<group>"; };
		09EE8D8E16772C840045E499 /* HP_ViewController.xib */ = {isa = PBXFileReference; fileEncoding = 4; lastKnownFileType = file.xib; path = HP_ViewController.xib; sourceTree = "<group>"; };
		09EE8D9516772CF90045E499 /* UIImage+Common4IOS.h */ = {isa = PBXFileReference; fileEncoding = 4; lastKnownFileType = sourcecode.c.h; path = "UIImage+Common4IOS.h"; sourceTree = "<group>"; };
		09EE8D9616772CF90045E499 /* UIImage+Common4IOS.m */ = {isa = PBXFileReference; fileEncoding = 4; lastKnownFileType = sourcecode.c.objc; path = "UIImage+Common4IOS.m"; sourceTree = "<group>"; };
		09EE8D9716772CF90045E499 /* HP_Common4IOS.h */ = {isa = PBXFileReference; fileEncoding = 4; lastKnownFileType = sourcecode.c.h; name = HP_Common4IOS.h; path = Common4IOS/HP_Common4IOS.h; sourceTree = "<group>"; };
		09EE8D9816772CF90045E499 /* HP_Common4IOS.m */ = {isa = PBXFileReference; fileEncoding = 4; lastKnownFileType = sourcecode.c.objc; name = HP_Common4IOS.m; path = Common4IOS/HP_Common4IOS.m; sourceTree = "<group>"; };
		09EE8D9B16772CF90045E499 /* AFHTTPClient.h */ = {isa = PBXFileReference; fileEncoding = 4; lastKnownFileType = sourcecode.c.h; path = AFHTTPClient.h; sourceTree = "<group>"; };
		09EE8D9C16772CF90045E499 /* AFHTTPClient.m */ = {isa = PBXFileReference; fileEncoding = 4; lastKnownFileType = sourcecode.c.objc; path = AFHTTPClient.m; sourceTree = "<group>"; };
		09EE8D9D16772CF90045E499 /* AFHTTPRequestOperation.h */ = {isa = PBXFileReference; fileEncoding = 4; lastKnownFileType = sourcecode.c.h; path = AFHTTPRequestOperation.h; sourceTree = "<group>"; };
		09EE8D9E16772CF90045E499 /* AFHTTPRequestOperation.m */ = {isa = PBXFileReference; fileEncoding = 4; lastKnownFileType = sourcecode.c.objc; path = AFHTTPRequestOperation.m; sourceTree = "<group>"; };
		09EE8D9F16772CF90045E499 /* AFImageRequestOperation.h */ = {isa = PBXFileReference; fileEncoding = 4; lastKnownFileType = sourcecode.c.h; path = AFImageRequestOperation.h; sourceTree = "<group>"; };
		09EE8DA016772CF90045E499 /* AFImageRequestOperation.m */ = {isa = PBXFileReference; fileEncoding = 4; lastKnownFileType = sourcecode.c.objc; path = AFImageRequestOperation.m; sourceTree = "<group>"; };
		09EE8DA116772CF90045E499 /* AFJSONRequestOperation.h */ = {isa = PBXFileReference; fileEncoding = 4; lastKnownFileType = sourcecode.c.h; path = AFJSONRequestOperation.h; sourceTree = "<group>"; };
		09EE8DA216772CF90045E499 /* AFJSONRequestOperation.m */ = {isa = PBXFileReference; fileEncoding = 4; lastKnownFileType = sourcecode.c.objc; path = AFJSONRequestOperation.m; sourceTree = "<group>"; };
		09EE8DA316772CF90045E499 /* AFJSONUtilities.h */ = {isa = PBXFileReference; fileEncoding = 4; lastKnownFileType = sourcecode.c.h; path = AFJSONUtilities.h; sourceTree = "<group>"; };
		09EE8DA416772CF90045E499 /* AFJSONUtilities.m */ = {isa = PBXFileReference; fileEncoding = 4; lastKnownFileType = sourcecode.c.objc; path = AFJSONUtilities.m; sourceTree = "<group>"; };
		09EE8DA516772CF90045E499 /* AFNetworkActivityIndicatorManager.h */ = {isa = PBXFileReference; fileEncoding = 4; lastKnownFileType = sourcecode.c.h; path = AFNetworkActivityIndicatorManager.h; sourceTree = "<group>"; };
		09EE8DA616772CF90045E499 /* AFNetworkActivityIndicatorManager.m */ = {isa = PBXFileReference; fileEncoding = 4; lastKnownFileType = sourcecode.c.objc; path = AFNetworkActivityIndicatorManager.m; sourceTree = "<group>"; };
		09EE8DA716772CF90045E499 /* AFNetworking.h */ = {isa = PBXFileReference; fileEncoding = 4; lastKnownFileType = sourcecode.c.h; path = AFNetworking.h; sourceTree = "<group>"; };
		09EE8DA816772CF90045E499 /* AFPropertyListRequestOperation.h */ = {isa = PBXFileReference; fileEncoding = 4; lastKnownFileType = sourcecode.c.h; path = AFPropertyListRequestOperation.h; sourceTree = "<group>"; };
		09EE8DA916772CF90045E499 /* AFPropertyListRequestOperation.m */ = {isa = PBXFileReference; fileEncoding = 4; lastKnownFileType = sourcecode.c.objc; path = AFPropertyListRequestOperation.m; sourceTree = "<group>"; };
		09EE8DAA16772CF90045E499 /* AFURLConnectionOperation.h */ = {isa = PBXFileReference; fileEncoding = 4; lastKnownFileType = sourcecode.c.h; path = AFURLConnectionOperation.h; sourceTree = "<group>"; };
		09EE8DAB16772CF90045E499 /* AFURLConnectionOperation.m */ = {isa = PBXFileReference; fileEncoding = 4; lastKnownFileType = sourcecode.c.objc; path = AFURLConnectionOperation.m; sourceTree = "<group>"; };
		09EE8DAC16772CF90045E499 /* AFXMLRequestOperation.h */ = {isa = PBXFileReference; fileEncoding = 4; lastKnownFileType = sourcecode.c.h; path = AFXMLRequestOperation.h; sourceTree = "<group>"; };
		09EE8DAD16772CF90045E499 /* AFXMLRequestOperation.m */ = {isa = PBXFileReference; fileEncoding = 4; lastKnownFileType = sourcecode.c.objc; path = AFXMLRequestOperation.m; sourceTree = "<group>"; };
		09EE8DAE16772CF90045E499 /* UIImageView+AFNetworking.h */ = {isa = PBXFileReference; fileEncoding = 4; lastKnownFileType = sourcecode.c.h; path = "UIImageView+AFNetworking.h"; sourceTree = "<group>"; };
		09EE8DAF16772CF90045E499 /* UIImageView+AFNetworking.m */ = {isa = PBXFileReference; fileEncoding = 4; lastKnownFileType = sourcecode.c.objc; path = "UIImageView+AFNetworking.m"; sourceTree = "<group>"; };
		09EE8DC516772CF90045E499 /* HP_AFNetWorkingUtils.h */ = {isa = PBXFileReference; fileEncoding = 4; lastKnownFileType = sourcecode.c.h; path = HP_AFNetWorkingUtils.h; sourceTree = "<group>"; };
		09EE8DC616772CF90045E499 /* HP_AFNetWorkingUtils.m */ = {isa = PBXFileReference; fileEncoding = 4; lastKnownFileType = sourcecode.c.objc; path = HP_AFNetWorkingUtils.m; sourceTree = "<group>"; };
		09EE8DC716772CF90045E499 /* HP_AnimationUtils.h */ = {isa = PBXFileReference; fileEncoding = 4; lastKnownFileType = sourcecode.c.h; path = HP_AnimationUtils.h; sourceTree = "<group>"; };
		09EE8DC816772CF90045E499 /* HP_AnimationUtils.m */ = {isa = PBXFileReference; fileEncoding = 4; lastKnownFileType = sourcecode.c.objc; path = HP_AnimationUtils.m; sourceTree = "<group>"; };
		09EE8DC916772CF90045E499 /* HP_JSONUtils.h */ = {isa = PBXFileReference; fileEncoding = 4; lastKnownFileType = sourcecode.c.h; path = HP_JSONUtils.h; sourceTree = "<group>"; };
		09EE8DCA16772CF90045E499 /* HP_JSONUtils.m */ = {isa = PBXFileReference; fileEncoding = 4; lastKnownFileType = sourcecode.c.objc; path = HP_JSONUtils.m; sourceTree = "<group>"; };
		09EE8DCB16772CF90045E499 /* HP_NetWorkUtils.h */ = {isa = PBXFileReference; fileEncoding = 4; lastKnownFileType = sourcecode.c.h; path = HP_NetWorkUtils.h; sourceTree = "<group>"; };
		09EE8DCC16772CF90045E499 /* HP_NetWorkUtils.m */ = {isa = PBXFileReference; fileEncoding = 4; lastKnownFileType = sourcecode.c.objc; path = HP_NetWorkUtils.m; sourceTree = "<group>"; };
		09EE8DCD16772CF90045E499 /* HP_NSDataUtils.h */ = {isa = PBXFileReference; fileEncoding = 4; lastKnownFileType = sourcecode.c.h; path = HP_NSDataUtils.h; sourceTree = "<group>"; };
		09EE8DCE16772CF90045E499 /* HP_NSDataUtils.m */ = {isa = PBXFileReference; fileEncoding = 4; lastKnownFileType = sourcecode.c.objc; path = HP_NSDataUtils.m; sourceTree = "<group>"; };
		09EE8DCF16772CF90045E499 /* HP_NSDateUtils.h */ = {isa = PBXFileReference; fileEncoding = 4; lastKnownFileType = sourcecode.c.h; path = HP_NSDateUtils.h; sourceTree = "<group>"; };
		09EE8DD016772CF90045E499 /* HP_NSDateUtils.m */ = {isa = PBXFileReference; fileEncoding = 4; lastKnownFileType = sourcecode.c.objc; path = HP_NSDateUtils.m; sourceTree = "<group>"; };
		09EE8DD116772CF90045E499 /* HP_Reachability.h */ = {isa = PBXFileReference; fileEncoding = 4; lastKnownFileType = sourcecode.c.h; path = HP_Reachability.h; sourceTree = "<group>"; };
		09EE8DD216772CF90045E499 /* HP_Reachability.m */ = {isa = PBXFileReference; fileEncoding = 4; lastKnownFileType = sourcecode.c.objc; path = HP_Reachability.m; sourceTree = "<group>"; };
		09EE8DD316772CF90045E499 /* HP_StringUtils.h */ = {isa = PBXFileReference; fileEncoding = 4; lastKnownFileType = sourcecode.c.h; path = HP_StringUtils.h; sourceTree = "<group>"; };
		09EE8DD416772CF90045E499 /* HP_StringUtils.m */ = {isa = PBXFileReference; fileEncoding = 4; lastKnownFileType = sourcecode.c.objc; path = HP_StringUtils.m; sourceTree = "<group>"; };
		09EE8DD516772CF90045E499 /* HP_UIColorUtils.h */ = {isa = PBXFileReference; fileEncoding = 4; lastKnownFileType = sourcecode.c.h; path = HP_UIColorUtils.h; sourceTree = "<group>"; };
		09EE8DD616772CF90045E499 /* HP_UIColorUtils.m */ = {isa = PBXFileReference; fileEncoding = 4; lastKnownFileType = sourcecode.c.objc; path = HP_UIColorUtils.m; sourceTree = "<group>"; };
		09EE8DD716772CF90045E499 /* HP_UIImageUtils.h */ = {isa = PBXFileReference; fileEncoding = 4; lastKnownFileType = sourcecode.c.h; path = HP_UIImageUtils.h; sourceTree = "<group>"; };
		09EE8DD816772CF90045E499 /* HP_UIImageUtils.m */ = {isa = PBXFileReference; fileEncoding = 4; lastKnownFileType = sourcecode.c.objc; path = HP_UIImageUtils.m; sourceTree = "<group>"; };
		09EE8DD916772CF90045E499 /* HP_UserDefaultsUtils.h */ = {isa = PBXFileReference; fileEncoding = 4; lastKnownFileType = sourcecode.c.h; path = HP_UserDefaultsUtils.h; sourceTree = "<group>"; };
		09EE8DDA16772CF90045E499 /* HP_UserDefaultsUtils.m */ = {isa = PBXFileReference; fileEncoding = 4; lastKnownFileType = sourcecode.c.objc; path = HP_UserDefaultsUtils.m; sourceTree = "<group>"; };
		09EE8DFD16772DA30045E499 /* HP_UIButton.h */ = {isa = PBXFileReference; fileEncoding = 4; lastKnownFileType = sourcecode.c.h; path = HP_UIButton.h; sourceTree = "<group>"; };
		09EE8DFE16772DA30045E499 /* HP_UIButton.m */ = {isa = PBXFileReference; fileEncoding = 4; lastKnownFileType = sourcecode.c.objc; path = HP_UIButton.m; sourceTree = "<group>"; };
		09EE8DFF16772DA30045E499 /* HP_UIImageView.h */ = {isa = PBXFileReference; fileEncoding = 4; lastKnownFileType = sourcecode.c.h; path = HP_UIImageView.h; sourceTree = "<group>"; };
		09EE8E0016772DA30045E499 /* HP_UIImageView.m */ = {isa = PBXFileReference; fileEncoding = 4; lastKnownFileType = sourcecode.c.objc; path = HP_UIImageView.m; sourceTree = "<group>"; };
		09EE8E0116772DA30045E499 /* HP_UIKeyboardCoView.h */ = {isa = PBXFileReference; fileEncoding = 4; lastKnownFileType = sourcecode.c.h; path = HP_UIKeyboardCoView.h; sourceTree = "<group>"; };
		09EE8E0216772DA30045E499 /* HP_UIKeyboardCoView.m */ = {isa = PBXFileReference; fileEncoding = 4; lastKnownFileType = sourcecode.c.objc; path = HP_UIKeyboardCoView.m; sourceTree = "<group>"; };
		09EE8E0316772DA30045E499 /* HP_UILabel.h */ = {isa = PBXFileReference; fileEncoding = 4; lastKnownFileType = sourcecode.c.h; path = HP_UILabel.h; sourceTree = "<group>"; };
		09EE8E0416772DA30045E499 /* HP_UILabel.m */ = {isa = PBXFileReference; fileEncoding = 4; lastKnownFileType = sourcecode.c.objc; path = HP_UILabel.m; sourceTree = "<group>"; };
		09EE8E0516772DA30045E499 /* HP_UITableView.h */ = {isa = PBXFileReference; fileEncoding = 4; lastKnownFileType = sourcecode.c.h; path = HP_UITableView.h; sourceTree = "<group>"; };
		09EE8E0616772DA30045E499 /* HP_UITableView.m */ = {isa = PBXFileReference; fileEncoding = 4; lastKnownFileType = sourcecode.c.objc; path = HP_UITableView.m; sourceTree = "<group>"; };
		09EE8E0716772DA30045E499 /* HP_UIView.h */ = {isa = PBXFileReference; fileEncoding = 4; lastKnownFileType = sourcecode.c.h; path = HP_UIView.h; sourceTree = "<group>"; };
		09EE8E0816772DA30045E499 /* HP_UIView.m */ = {isa = PBXFileReference; fileEncoding = 4; lastKnownFileType = sourcecode.c.objc; path = HP_UIView.m; sourceTree = "<group>"; };
		09EE8E0A16772DA30045E499 /* HP_BaseTabBarController.h */ = {isa = PBXFileReference; fileEncoding = 4; lastKnownFileType = sourcecode.c.h; path = HP_BaseTabBarController.h; sourceTree = "<group>"; };
		09EE8E0B16772DA30045E499 /* HP_BaseTabBarController.m */ = {isa = PBXFileReference; fileEncoding = 4; lastKnownFileType = sourcecode.c.objc; path = HP_BaseTabBarController.m; sourceTree = "<group>"; };
		09EE8E0C16772DA30045E499 /* HP_BaseViewController.h */ = {isa = PBXFileReference; fileEncoding = 4; lastKnownFileType = sourcecode.c.h; path = HP_BaseViewController.h; sourceTree = "<group>"; };
		09EE8E0D16772DA30045E499 /* HP_BaseViewController.m */ = {isa = PBXFileReference; fileEncoding = 4; lastKnownFileType = sourcecode.c.objc; path = HP_BaseViewController.m; sourceTree = "<group>"; };
		09EE8E1716772EAD0045E499 /* HP_PageFlowView.h */ = {isa = PBXFileReference; fileEncoding = 4; lastKnownFileType = sourcecode.c.h; path = HP_PageFlowView.h; sourceTree = "<group>"; };
		09EE8E1816772EAD0045E499 /* HP_PageFlowView.m */ = {isa = PBXFileReference; fileEncoding = 4; lastKnownFileType = sourcecode.c.objc; path = HP_PageFlowView.m; sourceTree = "<group>"; };
/* End PBXFileReference section */

/* Begin PBXFrameworksBuildPhase section */
		093A1F29162FC64B0024393E /* Frameworks */ = {
			isa = PBXFrameworksBuildPhase;
			buildActionMask = 2147483647;
			files = (
				09833363166714C50037D100 /* SystemConfiguration.framework in Frameworks */,
				09833361166714AE0037D100 /* QuartzCore.framework in Frameworks */,
				093A1F31162FC64B0024393E /* UIKit.framework in Frameworks */,
				093A1F33162FC64B0024393E /* Foundation.framework in Frameworks */,
				093A1F35162FC64B0024393E /* CoreGraphics.framework in Frameworks */,
			);
			runOnlyForDeploymentPostprocessing = 0;
		};
/* End PBXFrameworksBuildPhase section */

/* Begin PBXGroup section */
		093A1F21162FC64B0024393E = {
			isa = PBXGroup;
			children = (
				093A1F36162FC64B0024393E /* Common4IOS */,
				093A1F3F162FC64B0024393E /* HP_AppDelegate.h */,
				093A1F40162FC64B0024393E /* HP_AppDelegate.m */,
				09EE8D8616772C840045E499 /* ViewController */,
				093A1F37162FC64B0024393E /* Supporting Files */,
				093A1F2F162FC64B0024393E /* Frameworks */,
				093A1F2D162FC64B0024393E /* Products */,
			);
			sourceTree = "<group>";
		};
		093A1F2D162FC64B0024393E /* Products */ = {
			isa = PBXGroup;
			children = (
				093A1F2C162FC64B0024393E /* common4ios.app */,
			);
			name = Products;
			sourceTree = "<group>";
		};
		093A1F2F162FC64B0024393E /* Frameworks */ = {
			isa = PBXGroup;
			children = (
				09833362166714C40037D100 /* SystemConfiguration.framework */,
				09833360166714AE0037D100 /* QuartzCore.framework */,
				093A1F30162FC64B0024393E /* UIKit.framework */,
				093A1F32162FC64B0024393E /* Foundation.framework */,
				093A1F34162FC64B0024393E /* CoreGraphics.framework */,
			);
			name = Frameworks;
			sourceTree = "<group>";
		};
		093A1F36162FC64B0024393E /* Common4IOS */ = {
			isa = PBXGroup;
			children = (
				09EE8D9716772CF90045E499 /* HP_Common4IOS.h */,
				09EE8D9816772CF90045E499 /* HP_Common4IOS.m */,
				09EE8D9916772CF90045E499 /* Plugin */,
				09EE8E1616772EAC0045E499 /* CustomView */,
				09EE8DFB16772DA30045E499 /* SuperClass */,
				09EE8D9416772CF90045E499 /* Category */,
				09EE8DC416772CF90045E499 /* Utils */,
			);
			name = Common4IOS;
			path = common4ios;
			sourceTree = "<group>";
		};
		093A1F37162FC64B0024393E /* Supporting Files */ = {
			isa = PBXGroup;
			children = (
				093A1F38162FC64B0024393E /* common4ios-Info.plist */,
				093A1F39162FC64B0024393E /* InfoPlist.strings */,
				093A1F3C162FC64B0024393E /* main.m */,
				093A1F3E162FC64B0024393E /* common4ios-Prefix.pch */,
				093A1F42162FC64B0024393E /* Default.png */,
				093A1F44162FC64B0024393E /* Default@2x.png */,
				093A1F46162FC64B0024393E /* Default-568h@2x.png */,
			);
			name = "Supporting Files";
			path = common4ios;
			sourceTree = "<group>";
		};
		09EE8D8616772C840045E499 /* ViewController */ = {
			isa = PBXGroup;
			children = (
				09EE8D8716772C840045E499 /* HP_PageFlowViewController.h */,
				09EE8D8816772C840045E499 /* HP_PageFlowViewController.m */,
				09EE8D8916772C840045E499 /* HP_PageFlowViewController.xib */,
				09EE8D8A16772C840045E499 /* HP_TimeLineCenterViewController.h */,
				09EE8D8B16772C840045E499 /* HP_TimeLineCenterViewController.m */,
				09EE8D8C16772C840045E499 /* HP_ViewController.h */,
				09EE8D8D16772C840045E499 /* HP_ViewController.m */,
				09EE8D8E16772C840045E499 /* HP_ViewController.xib */,
			);
			name = ViewController;
			path = common4ios/ViewController;
			sourceTree = "<group>";
		};
		09EE8D9416772CF90045E499 /* Category */ = {
			isa = PBXGroup;
			children = (
				09EE8D9516772CF90045E499 /* UIImage+Common4IOS.h */,
				09EE8D9616772CF90045E499 /* UIImage+Common4IOS.m */,
			);
			name = Category;
			path = Common4IOS/Category;
			sourceTree = "<group>";
		};
		09EE8D9916772CF90045E499 /* Plugin */ = {
			isa = PBXGroup;
			children = (
				09EE8D9A16772CF90045E499 /* AFNetworking */,
			);
			name = Plugin;
			path = Common4IOS/Plugin;
			sourceTree = "<group>";
		};
		09EE8D9A16772CF90045E499 /* AFNetworking */ = {
			isa = PBXGroup;
			children = (
				09EE8D9B16772CF90045E499 /* AFHTTPClient.h */,
				09EE8D9C16772CF90045E499 /* AFHTTPClient.m */,
				09EE8D9D16772CF90045E499 /* AFHTTPRequestOperation.h */,
				09EE8D9E16772CF90045E499 /* AFHTTPRequestOperation.m */,
				09EE8D9F16772CF90045E499 /* AFImageRequestOperation.h */,
				09EE8DA016772CF90045E499 /* AFImageRequestOperation.m */,
				09EE8DA116772CF90045E499 /* AFJSONRequestOperation.h */,
				09EE8DA216772CF90045E499 /* AFJSONRequestOperation.m */,
				09EE8DA316772CF90045E499 /* AFJSONUtilities.h */,
				09EE8DA416772CF90045E499 /* AFJSONUtilities.m */,
				09EE8DA516772CF90045E499 /* AFNetworkActivityIndicatorManager.h */,
				09EE8DA616772CF90045E499 /* AFNetworkActivityIndicatorManager.m */,
				09EE8DA716772CF90045E499 /* AFNetworking.h */,
				09EE8DA816772CF90045E499 /* AFPropertyListRequestOperation.h */,
				09EE8DA916772CF90045E499 /* AFPropertyListRequestOperation.m */,
				09EE8DAA16772CF90045E499 /* AFURLConnectionOperation.h */,
				09EE8DAB16772CF90045E499 /* AFURLConnectionOperation.m */,
				09EE8DAC16772CF90045E499 /* AFXMLRequestOperation.h */,
				09EE8DAD16772CF90045E499 /* AFXMLRequestOperation.m */,
				09EE8DAE16772CF90045E499 /* UIImageView+AFNetworking.h */,
				09EE8DAF16772CF90045E499 /* UIImageView+AFNetworking.m */,
			);
			path = AFNetworking;
			sourceTree = "<group>";
		};
		09EE8DC416772CF90045E499 /* Utils */ = {
			isa = PBXGroup;
			children = (
				09EE8DC516772CF90045E499 /* HP_AFNetWorkingUtils.h */,
				09EE8DC616772CF90045E499 /* HP_AFNetWorkingUtils.m */,
				09EE8DC716772CF90045E499 /* HP_AnimationUtils.h */,
				09EE8DC816772CF90045E499 /* HP_AnimationUtils.m */,
				09EE8DC916772CF90045E499 /* HP_JSONUtils.h */,
				09EE8DCA16772CF90045E499 /* HP_JSONUtils.m */,
				09EE8DCB16772CF90045E499 /* HP_NetWorkUtils.h */,
				09EE8DCC16772CF90045E499 /* HP_NetWorkUtils.m */,
				09EE8DCD16772CF90045E499 /* HP_NSDataUtils.h */,
				09EE8DCE16772CF90045E499 /* HP_NSDataUtils.m */,
				09EE8DCF16772CF90045E499 /* HP_NSDateUtils.h */,
				09EE8DD016772CF90045E499 /* HP_NSDateUtils.m */,
				09EE8DD116772CF90045E499 /* HP_Reachability.h */,
				09EE8DD216772CF90045E499 /* HP_Reachability.m */,
				09EE8DD316772CF90045E499 /* HP_StringUtils.h */,
				09EE8DD416772CF90045E499 /* HP_StringUtils.m */,
				09EE8DD516772CF90045E499 /* HP_UIColorUtils.h */,
				09EE8DD616772CF90045E499 /* HP_UIColorUtils.m */,
				09EE8DD716772CF90045E499 /* HP_UIImageUtils.h */,
				09EE8DD816772CF90045E499 /* HP_UIImageUtils.m */,
				09EE8DD916772CF90045E499 /* HP_UserDefaultsUtils.h */,
				09EE8DDA16772CF90045E499 /* HP_UserDefaultsUtils.m */,
			);
			name = Utils;
			path = Common4IOS/Utils;
			sourceTree = "<group>";
		};
		09EE8DFB16772DA30045E499 /* SuperClass */ = {
			isa = PBXGroup;
			children = (
				09EE8DFC16772DA30045E499 /* View */,
				09EE8E0916772DA30045E499 /* ViewController */,
			);
			name = SuperClass;
			path = Common4IOS/SuperClass;
			sourceTree = "<group>";
		};
		09EE8DFC16772DA30045E499 /* View */ = {
			isa = PBXGroup;
			children = (
				09EE8DFD16772DA30045E499 /* HP_UIButton.h */,
				09EE8DFE16772DA30045E499 /* HP_UIButton.m */,
				09EE8DFF16772DA30045E499 /* HP_UIImageView.h */,
				09EE8E0016772DA30045E499 /* HP_UIImageView.m */,
				09EE8E0116772DA30045E499 /* HP_UIKeyboardCoView.h */,
				09EE8E0216772DA30045E499 /* HP_UIKeyboardCoView.m */,
				09EE8E0316772DA30045E499 /* HP_UILabel.h */,
				09EE8E0416772DA30045E499 /* HP_UILabel.m */,
				09EE8E0516772DA30045E499 /* HP_UITableView.h */,
				09EE8E0616772DA30045E499 /* HP_UITableView.m */,
				09EE8E0716772DA30045E499 /* HP_UIView.h */,
				09EE8E0816772DA30045E499 /* HP_UIView.m */,
			);
			path = View;
			sourceTree = "<group>";
		};
		09EE8E0916772DA30045E499 /* ViewController */ = {
			isa = PBXGroup;
			children = (
				09EE8E0A16772DA30045E499 /* HP_BaseTabBarController.h */,
				09EE8E0B16772DA30045E499 /* HP_BaseTabBarController.m */,
				09EE8E0C16772DA30045E499 /* HP_BaseViewController.h */,
				09EE8E0D16772DA30045E499 /* HP_BaseViewController.m */,
			);
			path = ViewController;
			sourceTree = "<group>";
		};
		09EE8E1616772EAC0045E499 /* CustomView */ = {
			isa = PBXGroup;
			children = (
				09EE8E1716772EAD0045E499 /* HP_PageFlowView.h */,
				09EE8E1816772EAD0045E499 /* HP_PageFlowView.m */,
			);
			name = CustomView;
			path = Common4IOS/CustomView;
			sourceTree = "<group>";
		};
/* End PBXGroup section */

/* Begin PBXNativeTarget section */
		093A1F2B162FC64B0024393E /* common4ios */ = {
			isa = PBXNativeTarget;
			buildConfigurationList = 093A1F50162FC64B0024393E /* Build configuration list for PBXNativeTarget "common4ios" */;
			buildPhases = (
				093A1F28162FC64B0024393E /* Sources */,
				093A1F29162FC64B0024393E /* Frameworks */,
				093A1F2A162FC64B0024393E /* Resources */,
			);
			buildRules = (
			);
			dependencies = (
			);
			name = common4ios;
			productName = common4ios;
			productReference = 093A1F2C162FC64B0024393E /* common4ios.app */;
			productType = "com.apple.product-type.application";
		};
/* End PBXNativeTarget section */

/* Begin PBXProject section */
		093A1F23162FC64B0024393E /* Project object */ = {
			isa = PBXProject;
			attributes = {
				CLASSPREFIX = HP_;
				LastUpgradeCheck = 0450;
				ORGANIZATIONNAME = "Yi Xu";
			};
			buildConfigurationList = 093A1F26162FC64B0024393E /* Build configuration list for PBXProject "Common4IOS" */;
			compatibilityVersion = "Xcode 3.2";
			developmentRegion = English;
			hasScannedForEncodings = 0;
			knownRegions = (
				en,
			);
			mainGroup = 093A1F21162FC64B0024393E;
			productRefGroup = 093A1F2D162FC64B0024393E /* Products */;
			projectDirPath = "";
			projectRoot = "";
			targets = (
				093A1F2B162FC64B0024393E /* common4ios */,
			);
		};
/* End PBXProject section */

/* Begin PBXResourcesBuildPhase section */
		093A1F2A162FC64B0024393E /* Resources */ = {
			isa = PBXResourcesBuildPhase;
			buildActionMask = 2147483647;
			files = (
				093A1F3B162FC64B0024393E /* InfoPlist.strings in Resources */,
				093A1F43162FC64B0024393E /* Default.png in Resources */,
				093A1F45162FC64B0024393E /* Default@2x.png in Resources */,
				093A1F47162FC64B0024393E /* Default-568h@2x.png in Resources */,
				09EE8D9016772C840045E499 /* HP_PageFlowViewController.xib in Resources */,
				09EE8D9316772C840045E499 /* HP_ViewController.xib in Resources */,
			);
			runOnlyForDeploymentPostprocessing = 0;
		};
/* End PBXResourcesBuildPhase section */

/* Begin PBXSourcesBuildPhase section */
		093A1F28162FC64B0024393E /* Sources */ = {
			isa = PBXSourcesBuildPhase;
			buildActionMask = 2147483647;
			files = (
				093A1F3D162FC64B0024393E /* main.m in Sources */,
				093A1F41162FC64B0024393E /* HP_AppDelegate.m in Sources */,
				09EE8D8F16772C840045E499 /* HP_PageFlowViewController.m in Sources */,
				09EE8D9116772C840045E499 /* HP_TimeLineCenterViewController.m in Sources */,
				09EE8D9216772C840045E499 /* HP_ViewController.m in Sources */,
				09EE8DDB16772CF90045E499 /* UIImage+Common4IOS.m in Sources */,
				09EE8DDC16772CF90045E499 /* HP_Common4IOS.m in Sources */,
				09EE8DDD16772CF90045E499 /* AFHTTPClient.m in Sources */,
				09EE8DDE16772CF90045E499 /* AFHTTPRequestOperation.m in Sources */,
				09EE8DDF16772CF90045E499 /* AFImageRequestOperation.m in Sources */,
				09EE8DE016772CF90045E499 /* AFJSONRequestOperation.m in Sources */,
				09EE8DE116772CF90045E499 /* AFJSONUtilities.m in Sources */,
				09EE8DE216772CF90045E499 /* AFNetworkActivityIndicatorManager.m in Sources */,
				09EE8DE316772CF90045E499 /* AFPropertyListRequestOperation.m in Sources */,
				09EE8DE416772CF90045E499 /* AFURLConnectionOperation.m in Sources */,
				09EE8DE516772CF90045E499 /* AFXMLRequestOperation.m in Sources */,
				09EE8DE616772CF90045E499 /* UIImageView+AFNetworking.m in Sources */,
				09EE8DF016772CF90045E499 /* HP_AFNetWorkingUtils.m in Sources */,
				09EE8DF116772CF90045E499 /* HP_AnimationUtils.m in Sources */,
				09EE8DF216772CF90045E499 /* HP_JSONUtils.m in Sources */,
				09EE8DF316772CF90045E499 /* HP_NetWorkUtils.m in Sources */,
				09EE8DF416772CF90045E499 /* HP_NSDataUtils.m in Sources */,
				09EE8DF516772CF90045E499 /* HP_NSDateUtils.m in Sources */,
				09EE8DF616772CF90045E499 /* HP_Reachability.m in Sources */,
				09EE8DF716772CF90045E499 /* HP_StringUtils.m in Sources */,
				09EE8DF816772CF90045E499 /* HP_UIColorUtils.m in Sources */,
				09EE8DF916772CF90045E499 /* HP_UIImageUtils.m in Sources */,
				09EE8DFA16772CF90045E499 /* HP_UserDefaultsUtils.m in Sources */,
				09EE8E0E16772DA30045E499 /* HP_UIButton.m in Sources */,
				09EE8E0F16772DA30045E499 /* HP_UIImageView.m in Sources */,
				09EE8E1016772DA30045E499 /* HP_UIKeyboardCoView.m in Sources */,
				09EE8E1116772DA30045E499 /* HP_UILabel.m in Sources */,
				09EE8E1216772DA30045E499 /* HP_UITableView.m in Sources */,
				09EE8E1316772DA30045E499 /* HP_UIView.m in Sources */,
				09EE8E1416772DA30045E499 /* HP_BaseTabBarController.m in Sources */,
				09EE8E1516772DA30045E499 /* HP_BaseViewController.m in Sources */,
				09EE8E1916772EAD0045E499 /* HP_PageFlowView.m in Sources */,
			);
			runOnlyForDeploymentPostprocessing = 0;
		};
/* End PBXSourcesBuildPhase section */

/* Begin PBXVariantGroup section */
		093A1F39162FC64B0024393E /* InfoPlist.strings */ = {
			isa = PBXVariantGroup;
			children = (
				093A1F3A162FC64B0024393E /* en */,
			);
			name = InfoPlist.strings;
			sourceTree = "<group>";
		};
/* End PBXVariantGroup section */

/* Begin XCBuildConfiguration section */
		093A1F4E162FC64B0024393E /* Debug */ = {
			isa = XCBuildConfiguration;
			buildSettings = {
				ALWAYS_SEARCH_USER_PATHS = NO;
				CLANG_CXX_LANGUAGE_STANDARD = "gnu++0x";
				CLANG_CXX_LIBRARY = "libc++";
				CLANG_ENABLE_OBJC_ARC = YES;
				CLANG_WARN_EMPTY_BODY = YES;
				CLANG_WARN__DUPLICATE_METHOD_MATCH = YES;
				"CODE_SIGN_IDENTITY[sdk=iphoneos*]" = "iPhone Developer";
				COPY_PHASE_STRIP = NO;
				GCC_C_LANGUAGE_STANDARD = gnu99;
				GCC_DYNAMIC_NO_PIC = NO;
				GCC_OPTIMIZATION_LEVEL = 0;
				GCC_PREPROCESSOR_DEFINITIONS = (
					"DEBUG=1",
					"$(inherited)",
				);
				GCC_SYMBOLS_PRIVATE_EXTERN = NO;
				GCC_WARN_ABOUT_RETURN_TYPE = YES;
				GCC_WARN_UNINITIALIZED_AUTOS = YES;
				GCC_WARN_UNUSED_VARIABLE = YES;
				IPHONEOS_DEPLOYMENT_TARGET = 4.3;
				ONLY_ACTIVE_ARCH = YES;
				SDKROOT = iphoneos;
			};
			name = Debug;
		};
		093A1F4F162FC64B0024393E /* Release */ = {
			isa = XCBuildConfiguration;
			buildSettings = {
				ALWAYS_SEARCH_USER_PATHS = NO;
				CLANG_CXX_LANGUAGE_STANDARD = "gnu++0x";
				CLANG_CXX_LIBRARY = "libc++";
				CLANG_ENABLE_OBJC_ARC = YES;
				CLANG_WARN_EMPTY_BODY = YES;
				CLANG_WARN__DUPLICATE_METHOD_MATCH = YES;
				"CODE_SIGN_IDENTITY[sdk=iphoneos*]" = "iPhone Developer";
				COPY_PHASE_STRIP = YES;
				GCC_C_LANGUAGE_STANDARD = gnu99;
				GCC_WARN_ABOUT_RETURN_TYPE = YES;
				GCC_WARN_UNINITIALIZED_AUTOS = YES;
				GCC_WARN_UNUSED_VARIABLE = YES;
				IPHONEOS_DEPLOYMENT_TARGET = 4.3;
				OTHER_CFLAGS = "-DNS_BLOCK_ASSERTIONS=1";
				SDKROOT = iphoneos;
				VALIDATE_PRODUCT = YES;
			};
			name = Release;
		};
		093A1F51162FC64B0024393E /* Debug */ = {
			isa = XCBuildConfiguration;
			buildSettings = {
				GCC_PRECOMPILE_PREFIX_HEADER = YES;
				GCC_PREFIX_HEADER = "common4ios/common4ios-Prefix.pch";
				INFOPLIST_FILE = "common4ios/common4ios-Info.plist";
				IPHONEOS_DEPLOYMENT_TARGET = 4.3;
				PRODUCT_NAME = "$(TARGET_NAME)";
				WRAPPER_EXTENSION = app;
			};
			name = Debug;
		};
		093A1F52162FC64B0024393E /* Release */ = {
			isa = XCBuildConfiguration;
			buildSettings = {
				GCC_PRECOMPILE_PREFIX_HEADER = YES;
				GCC_PREFIX_HEADER = "common4ios/common4ios-Prefix.pch";
				INFOPLIST_FILE = "common4ios/common4ios-Info.plist";
				IPHONEOS_DEPLOYMENT_TARGET = 4.3;
				PRODUCT_NAME = "$(TARGET_NAME)";
				WRAPPER_EXTENSION = app;
			};
			name = Release;
		};
/* End XCBuildConfiguration section */

/* Begin XCConfigurationList section */
		093A1F26162FC64B0024393E /* Build configuration list for PBXProject "Common4IOS" */ = {
			isa = XCConfigurationList;
			buildConfigurations = (
				093A1F4E162FC64B0024393E /* Debug */,
				093A1F4F162FC64B0024393E /* Release */,
			);
			defaultConfigurationIsVisible = 0;
			defaultConfigurationName = Release;
		};
		093A1F50162FC64B0024393E /* Build configuration list for PBXNativeTarget "common4ios" */ = {
			isa = XCConfigurationList;
			buildConfigurations = (
				093A1F51162FC64B0024393E /* Debug */,
				093A1F52162FC64B0024393E /* Release */,
			);
			defaultConfigurationIsVisible = 0;
			defaultConfigurationName = Release;
		};
/* End XCConfigurationList section */
	};
	rootObject = 093A1F23162FC64B0024393E /* Project object */;
}
